// !$*UTF8*$!
{
	archiveVersion = 1;
	classes = {
	};
	objectVersion = 46;
	objects = {

/* Begin PBXBuildFile section */
		2216DA381BF8A13A004450B0 /* TZConst.m in Sources */ = {isa = PBXBuildFile; fileRef = 2216DA371BF8A13A004450B0 /* TZConst.m */; };
		2216DA3B1BF8A583004450B0 /* TZMeFootView.m in Sources */ = {isa = PBXBuildFile; fileRef = 2216DA3A1BF8A583004450B0 /* TZMeFootView.m */; };
		2216DA3E1BF8A781004450B0 /* TZMeSquare.m in Sources */ = {isa = PBXBuildFile; fileRef = 2216DA3D1BF8A781004450B0 /* TZMeSquare.m */; };
		2216DA411BF8A82F004450B0 /* TZMeSquareButton.m in Sources */ = {isa = PBXBuildFile; fileRef = 2216DA401BF8A82F004450B0 /* TZMeSquareButton.m */; };
		221A09711BED9CBB007853D6 /* UINavigationItem+TZExtension.m in Sources */ = {isa = PBXBuildFile; fileRef = 221A09701BED9CBB007853D6 /* UINavigationItem+TZExtension.m */; };
		221A09741BEDA0DF007853D6 /* UIBarButtonItem+TZExtension.m in Sources */ = {isa = PBXBuildFile; fileRef = 221A09731BEDA0DF007853D6 /* UIBarButtonItem+TZExtension.m */; };
		221A09791BEDC4BC007853D6 /* TZRecommendFollowViewController.m in Sources */ = {isa = PBXBuildFile; fileRef = 221A09781BEDC4BC007853D6 /* TZRecommendFollowViewController.m */; };
		221A097C1BEDC990007853D6 /* TZSettingViewController.m in Sources */ = {isa = PBXBuildFile; fileRef = 221A097B1BEDC990007853D6 /* TZSettingViewController.m */; };
		2220B9DB1BEC8C7E00BAB33E /* UIView+TZCoordinateExtension.m in Sources */ = {isa = PBXBuildFile; fileRef = 2220B9DA1BEC8C7E00BAB33E /* UIView+TZCoordinateExtension.m */; };
		2220B9DE1BEC90B300BAB33E /* UITabBarItem+TZExtension.m in Sources */ = {isa = PBXBuildFile; fileRef = 2220B9DD1BEC90B300BAB33E /* UITabBarItem+TZExtension.m */; };
		2220B9E11BECC39A00BAB33E /* TZNavigationController.m in Sources */ = {isa = PBXBuildFile; fileRef = 2220B9E01BECC39A00BAB33E /* TZNavigationController.m */; };
		2220B9E41BECC57000BAB33E /* TZTabBar.m in Sources */ = {isa = PBXBuildFile; fileRef = 2220B9E31BECC57000BAB33E /* TZTabBar.m */; };
		225A6F7D1BEF6177006A9D73 /* TZLoginRegisterViewController.m in Sources */ = {isa = PBXBuildFile; fileRef = 225A6F7B1BEF6177006A9D73 /* TZLoginRegisterViewController.m */; };
		225A6F7E1BEF6177006A9D73 /* TZLoginRegisterViewController.xib in Resources */ = {isa = PBXBuildFile; fileRef = 225A6F7C1BEF6177006A9D73 /* TZLoginRegisterViewController.xib */; };
		2273B6491BF8CD300044F3B8 /* TZMeTableViewCell.m in Sources */ = {isa = PBXBuildFile; fileRef = 2273B6481BF8CD300044F3B8 /* TZMeTableViewCell.m */; };
		2283F6D81BEF8BEF00E326D2 /* TZLoginRegister2ViewController.m in Sources */ = {isa = PBXBuildFile; fileRef = 2283F6D61BEF8BEF00E326D2 /* TZLoginRegister2ViewController.m */; };
		2283F6D91BEF8BEF00E326D2 /* TZLoginRegister2ViewController.xib in Resources */ = {isa = PBXBuildFile; fileRef = 2283F6D71BEF8BEF00E326D2 /* TZLoginRegister2ViewController.xib */; };
		22952DC21BF4527300F50158 /* TZQuickLoginButton.m in Sources */ = {isa = PBXBuildFile; fileRef = 22952DC11BF4527300F50158 /* TZQuickLoginButton.m */; };
		229BA0C61BFACC5700B10345 /* TZClearCacheCell.m in Sources */ = {isa = PBXBuildFile; fileRef = 229BA0C51BFACC5700B10345 /* TZClearCacheCell.m */; };
		229BA0C91BFAD0E800B10345 /* NSString+TZExtension.m in Sources */ = {isa = PBXBuildFile; fileRef = 229BA0C81BFAD0E800B10345 /* NSString+TZExtension.m */; };
		229BA0CC1BFAEC1C00B10345 /* TZOtherCell.m in Sources */ = {isa = PBXBuildFile; fileRef = 229BA0CB1BFAEC1C00B10345 /* TZOtherCell.m */; };
		229BA0D01BFAECE000B10345 /* TZOtherCell.xib in Resources */ = {isa = PBXBuildFile; fileRef = 229BA0CF1BFAECE000B10345 /* TZOtherCell.xib */; };
		22C62A2F1BFC27B600F306D7 /* TZAllViewController.m in Sources */ = {isa = PBXBuildFile; fileRef = 22C62A2E1BFC27B600F306D7 /* TZAllViewController.m */; };
		22C62A321BFC27CD00F306D7 /* TZVideoViewController.m in Sources */ = {isa = PBXBuildFile; fileRef = 22C62A311BFC27CD00F306D7 /* TZVideoViewController.m */; };
		22C62A351BFC27E400F306D7 /* TZVoiceViewController.m in Sources */ = {isa = PBXBuildFile; fileRef = 22C62A341BFC27E400F306D7 /* TZVoiceViewController.m */; };
		22C62A381BFC27F900F306D7 /* TZPictureViewController.m in Sources */ = {isa = PBXBuildFile; fileRef = 22C62A371BFC27F900F306D7 /* TZPictureViewController.m */; };
		22C62A3B1BFC280F00F306D7 /* TZWordViewController.m in Sources */ = {isa = PBXBuildFile; fileRef = 22C62A3A1BFC280F00F306D7 /* TZWordViewController.m */; };
		22C62A3E1BFC28A500F306D7 /* TZTitleButton.m in Sources */ = {isa = PBXBuildFile; fileRef = 22C62A3D1BFC28A500F306D7 /* TZTitleButton.m */; };
		22C80BF41BF0B97100FA2F66 /* TZLoginRegisterTextField.m in Sources */ = {isa = PBXBuildFile; fileRef = 22C80BF31BF0B97100FA2F66 /* TZLoginRegisterTextField.m */; };
		22C80BF71BF0BDAD00FA2F66 /* UITextField+TZExtension.m in Sources */ = {isa = PBXBuildFile; fileRef = 22C80BF61BF0BDAD00FA2F66 /* UITextField+TZExtension.m */; };
		22D2FF981BEC680D00CFA50D /* main.m in Sources */ = {isa = PBXBuildFile; fileRef = 22D2FF971BEC680D00CFA50D /* main.m */; };
		22D2FFA31BEC680D00CFA50D /* Assets.xcassets in Resources */ = {isa = PBXBuildFile; fileRef = 22D2FFA21BEC680D00CFA50D /* Assets.xcassets */; };
		22D2FFA61BEC680D00CFA50D /* LaunchScreen.storyboard in Resources */ = {isa = PBXBuildFile; fileRef = 22D2FFA41BEC680D00CFA50D /* LaunchScreen.storyboard */; };
		22D2FFB11BEC680D00CFA50D /* TZBSBDJTests.m in Sources */ = {isa = PBXBuildFile; fileRef = 22D2FFB01BEC680D00CFA50D /* TZBSBDJTests.m */; };
		22D2FFBC1BEC680D00CFA50D /* TZBSBDJUITests.m in Sources */ = {isa = PBXBuildFile; fileRef = 22D2FFBB1BEC680D00CFA50D /* TZBSBDJUITests.m */; };
		22D2FFCD1BEC685900CFA50D /* AppDelegate.m in Sources */ = {isa = PBXBuildFile; fileRef = 22D2FFCA1BEC685900CFA50D /* AppDelegate.m */; };
		22D2FFDF1BEC68B600CFA50D /* TZEssenceViewController.m in Sources */ = {isa = PBXBuildFile; fileRef = 22D2FFD31BEC68B600CFA50D /* TZEssenceViewController.m */; };
		22D2FFE01BEC68B600CFA50D /* TZFollowViewController.m in Sources */ = {isa = PBXBuildFile; fileRef = 22D2FFD51BEC68B600CFA50D /* TZFollowViewController.m */; };
		22D2FFE11BEC68B600CFA50D /* TZMainTabBarController.m in Sources */ = {isa = PBXBuildFile; fileRef = 22D2FFD71BEC68B600CFA50D /* TZMainTabBarController.m */; };
		22D2FFE21BEC68B600CFA50D /* TZMeViewController.m in Sources */ = {isa = PBXBuildFile; fileRef = 22D2FFD91BEC68B600CFA50D /* TZMeViewController.m */; };
		22D2FFE31BEC68B600CFA50D /* TZNewViewController.m in Sources */ = {isa = PBXBuildFile; fileRef = 22D2FFDB1BEC68B600CFA50D /* TZNewViewController.m */; };
		71422969D7717259F27036A9 /* Pods.framework in Frameworks */ = {isa = PBXBuildFile; fileRef = A89106F8673132821E2CE291 /* Pods.framework */; };
/* End PBXBuildFile section */

/* Begin PBXContainerItemProxy section */
		22D2FFAD1BEC680D00CFA50D /* PBXContainerItemProxy */ = {
			isa = PBXContainerItemProxy;
			containerPortal = 22D2FF8B1BEC680D00CFA50D /* Project object */;
			proxyType = 1;
			remoteGlobalIDString = 22D2FF921BEC680D00CFA50D;
			remoteInfo = TZBSBDJ;
		};
		22D2FFB81BEC680D00CFA50D /* PBXContainerItemProxy */ = {
			isa = PBXContainerItemProxy;
			containerPortal = 22D2FF8B1BEC680D00CFA50D /* Project object */;
			proxyType = 1;
			remoteGlobalIDString = 22D2FF921BEC680D00CFA50D;
			remoteInfo = TZBSBDJ;
		};
/* End PBXContainerItemProxy section */

/* Begin PBXFileReference section */
		2216DA361BF8A13A004450B0 /* TZConst.h */ = {isa = PBXFileReference; fileEncoding = 4; lastKnownFileType = sourcecode.c.h; path = TZConst.h; sourceTree = "<group>"; };
		2216DA371BF8A13A004450B0 /* TZConst.m */ = {isa = PBXFileReference; fileEncoding = 4; lastKnownFileType = sourcecode.c.objc; path = TZConst.m; sourceTree = "<group>"; };
		2216DA391BF8A583004450B0 /* TZMeFootView.h */ = {isa = PBXFileReference; fileEncoding = 4; lastKnownFileType = sourcecode.c.h; path = TZMeFootView.h; sourceTree = "<group>"; };
		2216DA3A1BF8A583004450B0 /* TZMeFootView.m */ = {isa = PBXFileReference; fileEncoding = 4; lastKnownFileType = sourcecode.c.objc; path = TZMeFootView.m; sourceTree = "<group>"; };
		2216DA3C1BF8A781004450B0 /* TZMeSquare.h */ = {isa = PBXFileReference; fileEncoding = 4; lastKnownFileType = sourcecode.c.h; path = TZMeSquare.h; sourceTree = "<group>"; };
		2216DA3D1BF8A781004450B0 /* TZMeSquare.m */ = {isa = PBXFileReference; fileEncoding = 4; lastKnownFileType = sourcecode.c.objc; path = TZMeSquare.m; sourceTree = "<group>"; };
		2216DA3F1BF8A82F004450B0 /* TZMeSquareButton.h */ = {isa = PBXFileReference; fileEncoding = 4; lastKnownFileType = sourcecode.c.h; path = TZMeSquareButton.h; sourceTree = "<group>"; };
		2216DA401BF8A82F004450B0 /* TZMeSquareButton.m */ = {isa = PBXFileReference; fileEncoding = 4; lastKnownFileType = sourcecode.c.objc; path = TZMeSquareButton.m; sourceTree = "<group>"; };
		221A096F1BED9CBB007853D6 /* UINavigationItem+TZExtension.h */ = {isa = PBXFileReference; fileEncoding = 4; lastKnownFileType = sourcecode.c.h; path = "UINavigationItem+TZExtension.h"; sourceTree = "<group>"; };
		221A09701BED9CBB007853D6 /* UINavigationItem+TZExtension.m */ = {isa = PBXFileReference; fileEncoding = 4; lastKnownFileType = sourcecode.c.objc; path = "UINavigationItem+TZExtension.m"; sourceTree = "<group>"; };
		221A09721BEDA0DF007853D6 /* UIBarButtonItem+TZExtension.h */ = {isa = PBXFileReference; fileEncoding = 4; lastKnownFileType = sourcecode.c.h; path = "UIBarButtonItem+TZExtension.h"; sourceTree = "<group>"; };
		221A09731BEDA0DF007853D6 /* UIBarButtonItem+TZExtension.m */ = {isa = PBXFileReference; fileEncoding = 4; lastKnownFileType = sourcecode.c.objc; path = "UIBarButtonItem+TZExtension.m"; sourceTree = "<group>"; };
		221A09771BEDC4BC007853D6 /* TZRecommendFollowViewController.h */ = {isa = PBXFileReference; fileEncoding = 4; lastKnownFileType = sourcecode.c.h; path = TZRecommendFollowViewController.h; sourceTree = "<group>"; };
		221A09781BEDC4BC007853D6 /* TZRecommendFollowViewController.m */ = {isa = PBXFileReference; fileEncoding = 4; lastKnownFileType = sourcecode.c.objc; path = TZRecommendFollowViewController.m; sourceTree = "<group>"; };
		221A097A1BEDC990007853D6 /* TZSettingViewController.h */ = {isa = PBXFileReference; fileEncoding = 4; lastKnownFileType = sourcecode.c.h; path = TZSettingViewController.h; sourceTree = "<group>"; };
		221A097B1BEDC990007853D6 /* TZSettingViewController.m */ = {isa = PBXFileReference; fileEncoding = 4; lastKnownFileType = sourcecode.c.objc; path = TZSettingViewController.m; sourceTree = "<group>"; };
		2220B9D91BEC8C7E00BAB33E /* UIView+TZCoordinateExtension.h */ = {isa = PBXFileReference; fileEncoding = 4; lastKnownFileType = sourcecode.c.h; path = "UIView+TZCoordinateExtension.h"; sourceTree = "<group>"; };
		2220B9DA1BEC8C7E00BAB33E /* UIView+TZCoordinateExtension.m */ = {isa = PBXFileReference; fileEncoding = 4; lastKnownFileType = sourcecode.c.objc; path = "UIView+TZCoordinateExtension.m"; sourceTree = "<group>"; };
		2220B9DC1BEC90B300BAB33E /* UITabBarItem+TZExtension.h */ = {isa = PBXFileReference; fileEncoding = 4; lastKnownFileType = sourcecode.c.h; path = "UITabBarItem+TZExtension.h"; sourceTree = "<group>"; };
		2220B9DD1BEC90B300BAB33E /* UITabBarItem+TZExtension.m */ = {isa = PBXFileReference; fileEncoding = 4; lastKnownFileType = sourcecode.c.objc; path = "UITabBarItem+TZExtension.m"; sourceTree = "<group>"; };
		2220B9DF1BECC39A00BAB33E /* TZNavigationController.h */ = {isa = PBXFileReference; fileEncoding = 4; lastKnownFileType = sourcecode.c.h; path = TZNavigationController.h; sourceTree = "<group>"; };
		2220B9E01BECC39A00BAB33E /* TZNavigationController.m */ = {isa = PBXFileReference; fileEncoding = 4; lastKnownFileType = sourcecode.c.objc; path = TZNavigationController.m; sourceTree = "<group>"; };
		2220B9E21BECC57000BAB33E /* TZTabBar.h */ = {isa = PBXFileReference; fileEncoding = 4; lastKnownFileType = sourcecode.c.h; path = TZTabBar.h; sourceTree = "<group>"; };
		2220B9E31BECC57000BAB33E /* TZTabBar.m */ = {isa = PBXFileReference; fileEncoding = 4; lastKnownFileType = sourcecode.c.objc; path = TZTabBar.m; sourceTree = "<group>"; };
		225A6F7A1BEF6177006A9D73 /* TZLoginRegisterViewController.h */ = {isa = PBXFileReference; fileEncoding = 4; lastKnownFileType = sourcecode.c.h; path = TZLoginRegisterViewController.h; sourceTree = "<group>"; };
		225A6F7B1BEF6177006A9D73 /* TZLoginRegisterViewController.m */ = {isa = PBXFileReference; fileEncoding = 4; lastKnownFileType = sourcecode.c.objc; path = TZLoginRegisterViewController.m; sourceTree = "<group>"; };
		225A6F7C1BEF6177006A9D73 /* TZLoginRegisterViewController.xib */ = {isa = PBXFileReference; fileEncoding = 4; lastKnownFileType = file.xib; path = TZLoginRegisterViewController.xib; sourceTree = "<group>"; };
		2273B6471BF8CD300044F3B8 /* TZMeTableViewCell.h */ = {isa = PBXFileReference; fileEncoding = 4; lastKnownFileType = sourcecode.c.h; path = TZMeTableViewCell.h; sourceTree = "<group>"; };
		2273B6481BF8CD300044F3B8 /* TZMeTableViewCell.m */ = {isa = PBXFileReference; fileEncoding = 4; lastKnownFileType = sourcecode.c.objc; path = TZMeTableViewCell.m; sourceTree = "<group>"; };
		2283F6D51BEF8BEF00E326D2 /* TZLoginRegister2ViewController.h */ = {isa = PBXFileReference; fileEncoding = 4; lastKnownFileType = sourcecode.c.h; path = TZLoginRegister2ViewController.h; sourceTree = "<group>"; };
		2283F6D61BEF8BEF00E326D2 /* TZLoginRegister2ViewController.m */ = {isa = PBXFileReference; fileEncoding = 4; lastKnownFileType = sourcecode.c.objc; path = TZLoginRegister2ViewController.m; sourceTree = "<group>"; };
		2283F6D71BEF8BEF00E326D2 /* TZLoginRegister2ViewController.xib */ = {isa = PBXFileReference; fileEncoding = 4; lastKnownFileType = file.xib; path = TZLoginRegister2ViewController.xib; sourceTree = "<group>"; };
		22952DC01BF4527300F50158 /* TZQuickLoginButton.h */ = {isa = PBXFileReference; fileEncoding = 4; lastKnownFileType = sourcecode.c.h; path = TZQuickLoginButton.h; sourceTree = "<group>"; };
		22952DC11BF4527300F50158 /* TZQuickLoginButton.m */ = {isa = PBXFileReference; fileEncoding = 4; lastKnownFileType = sourcecode.c.objc; path = TZQuickLoginButton.m; sourceTree = "<group>"; };
		229BA0C41BFACC5700B10345 /* TZClearCacheCell.h */ = {isa = PBXFileReference; fileEncoding = 4; lastKnownFileType = sourcecode.c.h; path = TZClearCacheCell.h; sourceTree = "<group>"; };
		229BA0C51BFACC5700B10345 /* TZClearCacheCell.m */ = {isa = PBXFileReference; fileEncoding = 4; lastKnownFileType = sourcecode.c.objc; path = TZClearCacheCell.m; sourceTree = "<group>"; };
		229BA0C71BFAD0E800B10345 /* NSString+TZExtension.h */ = {isa = PBXFileReference; fileEncoding = 4; lastKnownFileType = sourcecode.c.h; path = "NSString+TZExtension.h"; sourceTree = "<group>"; };
		229BA0C81BFAD0E800B10345 /* NSString+TZExtension.m */ = {isa = PBXFileReference; fileEncoding = 4; lastKnownFileType = sourcecode.c.objc; path = "NSString+TZExtension.m"; sourceTree = "<group>"; };
		229BA0CA1BFAEC1C00B10345 /* TZOtherCell.h */ = {isa = PBXFileReference; fileEncoding = 4; lastKnownFileType = sourcecode.c.h; path = TZOtherCell.h; sourceTree = "<group>"; };
		229BA0CB1BFAEC1C00B10345 /* TZOtherCell.m */ = {isa = PBXFileReference; fileEncoding = 4; lastKnownFileType = sourcecode.c.objc; path = TZOtherCell.m; sourceTree = "<group>"; };
		229BA0CF1BFAECE000B10345 /* TZOtherCell.xib */ = {isa = PBXFileReference; fileEncoding = 4; lastKnownFileType = file.xib; path = TZOtherCell.xib; sourceTree = "<group>"; };
		22C62A2D1BFC27B600F306D7 /* TZAllViewController.h */ = {isa = PBXFileReference; fileEncoding = 4; lastKnownFileType = sourcecode.c.h; path = TZAllViewController.h; sourceTree = "<group>"; };
		22C62A2E1BFC27B600F306D7 /* TZAllViewController.m */ = {isa = PBXFileReference; fileEncoding = 4; lastKnownFileType = sourcecode.c.objc; path = TZAllViewController.m; sourceTree = "<group>"; };
		22C62A301BFC27CD00F306D7 /* TZVideoViewController.h */ = {isa = PBXFileReference; fileEncoding = 4; lastKnownFileType = sourcecode.c.h; path = TZVideoViewController.h; sourceTree = "<group>"; };
		22C62A311BFC27CD00F306D7 /* TZVideoViewController.m */ = {isa = PBXFileReference; fileEncoding = 4; lastKnownFileType = sourcecode.c.objc; path = TZVideoViewController.m; sourceTree = "<group>"; };
		22C62A331BFC27E400F306D7 /* TZVoiceViewController.h */ = {isa = PBXFileReference; fileEncoding = 4; lastKnownFileType = sourcecode.c.h; path = TZVoiceViewController.h; sourceTree = "<group>"; };
		22C62A341BFC27E400F306D7 /* TZVoiceViewController.m */ = {isa = PBXFileReference; fileEncoding = 4; lastKnownFileType = sourcecode.c.objc; path = TZVoiceViewController.m; sourceTree = "<group>"; };
		22C62A361BFC27F900F306D7 /* TZPictureViewController.h */ = {isa = PBXFileReference; fileEncoding = 4; lastKnownFileType = sourcecode.c.h; path = TZPictureViewController.h; sourceTree = "<group>"; };
		22C62A371BFC27F900F306D7 /* TZPictureViewController.m */ = {isa = PBXFileReference; fileEncoding = 4; lastKnownFileType = sourcecode.c.objc; path = TZPictureViewController.m; sourceTree = "<group>"; };
		22C62A391BFC280F00F306D7 /* TZWordViewController.h */ = {isa = PBXFileReference; fileEncoding = 4; lastKnownFileType = sourcecode.c.h; path = TZWordViewController.h; sourceTree = "<group>"; };
		22C62A3A1BFC280F00F306D7 /* TZWordViewController.m */ = {isa = PBXFileReference; fileEncoding = 4; lastKnownFileType = sourcecode.c.objc; path = TZWordViewController.m; sourceTree = "<group>"; };
		22C62A3C1BFC28A500F306D7 /* TZTitleButton.h */ = {isa = PBXFileReference; fileEncoding = 4; lastKnownFileType = sourcecode.c.h; path = TZTitleButton.h; sourceTree = "<group>"; };
		22C62A3D1BFC28A500F306D7 /* TZTitleButton.m */ = {isa = PBXFileReference; fileEncoding = 4; lastKnownFileType = sourcecode.c.objc; path = TZTitleButton.m; sourceTree = "<group>"; };
		22C80BF21BF0B97100FA2F66 /* TZLoginRegisterTextField.h */ = {isa = PBXFileReference; fileEncoding = 4; lastKnownFileType = sourcecode.c.h; path = TZLoginRegisterTextField.h; sourceTree = "<group>"; };
		22C80BF31BF0B97100FA2F66 /* TZLoginRegisterTextField.m */ = {isa = PBXFileReference; fileEncoding = 4; lastKnownFileType = sourcecode.c.objc; path = TZLoginRegisterTextField.m; sourceTree = "<group>"; };
		22C80BF51BF0BDAD00FA2F66 /* UITextField+TZExtension.h */ = {isa = PBXFileReference; fileEncoding = 4; lastKnownFileType = sourcecode.c.h; path = "UITextField+TZExtension.h"; sourceTree = "<group>"; };
		22C80BF61BF0BDAD00FA2F66 /* UITextField+TZExtension.m */ = {isa = PBXFileReference; fileEncoding = 4; lastKnownFileType = sourcecode.c.objc; path = "UITextField+TZExtension.m"; sourceTree = "<group>"; };
		22D2FF931BEC680D00CFA50D /* TZBSBDJ.app */ = {isa = PBXFileReference; explicitFileType = wrapper.application; includeInIndex = 0; path = TZBSBDJ.app; sourceTree = BUILT_PRODUCTS_DIR; };
		22D2FF971BEC680D00CFA50D /* main.m */ = {isa = PBXFileReference; lastKnownFileType = sourcecode.c.objc; path = main.m; sourceTree = "<group>"; };
		22D2FFA21BEC680D00CFA50D /* Assets.xcassets */ = {isa = PBXFileReference; lastKnownFileType = folder.assetcatalog; path = Assets.xcassets; sourceTree = "<group>"; };
		22D2FFA51BEC680D00CFA50D /* Base */ = {isa = PBXFileReference; lastKnownFileType = file.storyboard; name = Base; path = Base.lproj/LaunchScreen.storyboard; sourceTree = "<group>"; };
		22D2FFA71BEC680D00CFA50D /* Info.plist */ = {isa = PBXFileReference; lastKnownFileType = text.plist.xml; path = Info.plist; sourceTree = "<group>"; };
		22D2FFAC1BEC680D00CFA50D /* TZBSBDJTests.xctest */ = {isa = PBXFileReference; explicitFileType = wrapper.cfbundle; includeInIndex = 0; path = TZBSBDJTests.xctest; sourceTree = BUILT_PRODUCTS_DIR; };
		22D2FFB01BEC680D00CFA50D /* TZBSBDJTests.m */ = {isa = PBXFileReference; lastKnownFileType = sourcecode.c.objc; path = TZBSBDJTests.m; sourceTree = "<group>"; };
		22D2FFB21BEC680D00CFA50D /* Info.plist */ = {isa = PBXFileReference; lastKnownFileType = text.plist.xml; path = Info.plist; sourceTree = "<group>"; };
		22D2FFB71BEC680D00CFA50D /* TZBSBDJUITests.xctest */ = {isa = PBXFileReference; explicitFileType = wrapper.cfbundle; includeInIndex = 0; path = TZBSBDJUITests.xctest; sourceTree = BUILT_PRODUCTS_DIR; };
		22D2FFBB1BEC680D00CFA50D /* TZBSBDJUITests.m */ = {isa = PBXFileReference; lastKnownFileType = sourcecode.c.objc; path = TZBSBDJUITests.m; sourceTree = "<group>"; };
		22D2FFBD1BEC680D00CFA50D /* Info.plist */ = {isa = PBXFileReference; lastKnownFileType = text.plist.xml; path = Info.plist; sourceTree = "<group>"; };
		22D2FFC91BEC685900CFA50D /* AppDelegate.h */ = {isa = PBXFileReference; fileEncoding = 4; lastKnownFileType = sourcecode.c.h; path = AppDelegate.h; sourceTree = "<group>"; };
		22D2FFCA1BEC685900CFA50D /* AppDelegate.m */ = {isa = PBXFileReference; fileEncoding = 4; lastKnownFileType = sourcecode.c.objc; path = AppDelegate.m; sourceTree = "<group>"; };
		22D2FFD21BEC68B600CFA50D /* TZEssenceViewController.h */ = {isa = PBXFileReference; fileEncoding = 4; lastKnownFileType = sourcecode.c.h; name = TZEssenceViewController.h; path = "../../untitled folder/TZEssenceViewController.h"; sourceTree = "<group>"; };
		22D2FFD31BEC68B600CFA50D /* TZEssenceViewController.m */ = {isa = PBXFileReference; fileEncoding = 4; lastKnownFileType = sourcecode.c.objc; name = TZEssenceViewController.m; path = "../../untitled folder/TZEssenceViewController.m"; sourceTree = "<group>"; };
		22D2FFD41BEC68B600CFA50D /* TZFollowViewController.h */ = {isa = PBXFileReference; fileEncoding = 4; lastKnownFileType = sourcecode.c.h; name = TZFollowViewController.h; path = "../../untitled folder/TZFollowViewController.h"; sourceTree = "<group>"; };
		22D2FFD51BEC68B600CFA50D /* TZFollowViewController.m */ = {isa = PBXFileReference; fileEncoding = 4; lastKnownFileType = sourcecode.c.objc; name = TZFollowViewController.m; path = "../../untitled folder/TZFollowViewController.m"; sourceTree = "<group>"; };
		22D2FFD61BEC68B600CFA50D /* TZMainTabBarController.h */ = {isa = PBXFileReference; fileEncoding = 4; lastKnownFileType = sourcecode.c.h; name = TZMainTabBarController.h; path = "../../untitled folder/TZMainTabBarController.h"; sourceTree = "<group>"; };
		22D2FFD71BEC68B600CFA50D /* TZMainTabBarController.m */ = {isa = PBXFileReference; fileEncoding = 4; lastKnownFileType = sourcecode.c.objc; name = TZMainTabBarController.m; path = "../../untitled folder/TZMainTabBarController.m"; sourceTree = "<group>"; };
		22D2FFD81BEC68B600CFA50D /* TZMeViewController.h */ = {isa = PBXFileReference; fileEncoding = 4; lastKnownFileType = sourcecode.c.h; name = TZMeViewController.h; path = "../../untitled folder/TZMeViewController.h"; sourceTree = "<group>"; };
		22D2FFD91BEC68B600CFA50D /* TZMeViewController.m */ = {isa = PBXFileReference; fileEncoding = 4; lastKnownFileType = sourcecode.c.objc; name = TZMeViewController.m; path = "../../untitled folder/TZMeViewController.m"; sourceTree = "<group>"; };
		22D2FFDA1BEC68B600CFA50D /* TZNewViewController.h */ = {isa = PBXFileReference; fileEncoding = 4; lastKnownFileType = sourcecode.c.h; name = TZNewViewController.h; path = "../../untitled folder/TZNewViewController.h"; sourceTree = "<group>"; };
		22D2FFDB1BEC68B600CFA50D /* TZNewViewController.m */ = {isa = PBXFileReference; fileEncoding = 4; lastKnownFileType = sourcecode.c.objc; name = TZNewViewController.m; path = "../../untitled folder/TZNewViewController.m"; sourceTree = "<group>"; };
		22D2FFE51BEC693B00CFA50D /* PrefixHeader.pch */ = {isa = PBXFileReference; lastKnownFileType = sourcecode.c.h; path = PrefixHeader.pch; sourceTree = "<group>"; };
		A89106F8673132821E2CE291 /* Pods.framework */ = {isa = PBXFileReference; explicitFileType = wrapper.framework; includeInIndex = 0; path = Pods.framework; sourceTree = BUILT_PRODUCTS_DIR; };
		E113289F80E29FA07857F4A8 /* Pods.release.xcconfig */ = {isa = PBXFileReference; includeInIndex = 1; lastKnownFileType = text.xcconfig; name = Pods.release.xcconfig; path = "Pods/Target Support Files/Pods/Pods.release.xcconfig"; sourceTree = "<group>"; };
		FF3181E9B6AB11B218F4E932 /* Pods.debug.xcconfig */ = {isa = PBXFileReference; includeInIndex = 1; lastKnownFileType = text.xcconfig; name = Pods.debug.xcconfig; path = "Pods/Target Support Files/Pods/Pods.debug.xcconfig"; sourceTree = "<group>"; };
/* End PBXFileReference section */

/* Begin PBXFrameworksBuildPhase section */
		22D2FF901BEC680D00CFA50D /* Frameworks */ = {
			isa = PBXFrameworksBuildPhase;
			buildActionMask = 2147483647;
			files = (
				71422969D7717259F27036A9 /* Pods.framework in Frameworks */,
			);
			runOnlyForDeploymentPostprocessing = 0;
		};
		22D2FFA91BEC680D00CFA50D /* Frameworks */ = {
			isa = PBXFrameworksBuildPhase;
			buildActionMask = 2147483647;
			files = (
			);
			runOnlyForDeploymentPostprocessing = 0;
		};
		22D2FFB41BEC680D00CFA50D /* Frameworks */ = {
			isa = PBXFrameworksBuildPhase;
			buildActionMask = 2147483647;
			files = (
			);
			runOnlyForDeploymentPostprocessing = 0;
		};
/* End PBXFrameworksBuildPhase section */

/* Begin PBXGroup section */
		221A09751BEDAA4F007853D6 /* New Group */ = {
			isa = PBXGroup;
			children = (
			);
			name = "New Group";
			sourceTree = "<group>";
		};
		2220B9BD1BEC890A00BAB33E /* Essence */ = {
			isa = PBXGroup;
			children = (
				2220B9BE1BEC890A00BAB33E /* Controller */,
				2220B9BF1BEC890A00BAB33E /* Model */,
				2220B9C01BEC890A00BAB33E /* View */,
			);
			path = Essence;
			sourceTree = "<group>";
		};
		2220B9BE1BEC890A00BAB33E /* Controller */ = {
			isa = PBXGroup;
			children = (
				22D2FFD21BEC68B600CFA50D /* TZEssenceViewController.h */,
				22D2FFD31BEC68B600CFA50D /* TZEssenceViewController.m */,
				22C62A2D1BFC27B600F306D7 /* TZAllViewController.h */,
				22C62A2E1BFC27B600F306D7 /* TZAllViewController.m */,
				22C62A301BFC27CD00F306D7 /* TZVideoViewController.h */,
				22C62A311BFC27CD00F306D7 /* TZVideoViewController.m */,
				22C62A331BFC27E400F306D7 /* TZVoiceViewController.h */,
				22C62A341BFC27E400F306D7 /* TZVoiceViewController.m */,
				22C62A361BFC27F900F306D7 /* TZPictureViewController.h */,
				22C62A371BFC27F900F306D7 /* TZPictureViewController.m */,
				22C62A391BFC280F00F306D7 /* TZWordViewController.h */,
				22C62A3A1BFC280F00F306D7 /* TZWordViewController.m */,
			);
			path = Controller;
			sourceTree = "<group>";
		};
		2220B9BF1BEC890A00BAB33E /* Model */ = {
			isa = PBXGroup;
			children = (
			);
			path = Model;
			sourceTree = "<group>";
		};
		2220B9C01BEC890A00BAB33E /* View */ = {
			isa = PBXGroup;
			children = (
				22C62A3C1BFC28A500F306D7 /* TZTitleButton.h */,
				22C62A3D1BFC28A500F306D7 /* TZTitleButton.m */,
			);
			path = View;
			sourceTree = "<group>";
		};
		2220B9C51BEC890A00BAB33E /* Me */ = {
			isa = PBXGroup;
			children = (
				2220B9C61BEC890A00BAB33E /* Controller */,
				2220B9C71BEC890A00BAB33E /* Model */,
				2220B9C81BEC890A00BAB33E /* View */,
			);
			path = Me;
			sourceTree = "<group>";
		};
		2220B9C61BEC890A00BAB33E /* Controller */ = {
			isa = PBXGroup;
			children = (
				22D2FFD81BEC68B600CFA50D /* TZMeViewController.h */,
				22D2FFD91BEC68B600CFA50D /* TZMeViewController.m */,
				221A097A1BEDC990007853D6 /* TZSettingViewController.h */,
				221A097B1BEDC990007853D6 /* TZSettingViewController.m */,
			);
			path = Controller;
			sourceTree = "<group>";
		};
		2220B9C71BEC890A00BAB33E /* Model */ = {
			isa = PBXGroup;
			children = (
				2216DA3C1BF8A781004450B0 /* TZMeSquare.h */,
				2216DA3D1BF8A781004450B0 /* TZMeSquare.m */,
			);
			path = Model;
			sourceTree = "<group>";
		};
		2220B9C81BEC890A00BAB33E /* View */ = {
			isa = PBXGroup;
			children = (
				2216DA391BF8A583004450B0 /* TZMeFootView.h */,
				2216DA3A1BF8A583004450B0 /* TZMeFootView.m */,
				2216DA3F1BF8A82F004450B0 /* TZMeSquareButton.h */,
				2216DA401BF8A82F004450B0 /* TZMeSquareButton.m */,
				2273B6471BF8CD300044F3B8 /* TZMeTableViewCell.h */,
				2273B6481BF8CD300044F3B8 /* TZMeTableViewCell.m */,
				229BA0C41BFACC5700B10345 /* TZClearCacheCell.h */,
				229BA0C51BFACC5700B10345 /* TZClearCacheCell.m */,
				229BA0CA1BFAEC1C00B10345 /* TZOtherCell.h */,
				229BA0CB1BFAEC1C00B10345 /* TZOtherCell.m */,
				229BA0CF1BFAECE000B10345 /* TZOtherCell.xib */,
			);
			path = View;
			sourceTree = "<group>";
		};
		2220B9C91BEC890A00BAB33E /* New */ = {
			isa = PBXGroup;
			children = (
				2220B9CA1BEC890A00BAB33E /* Controller */,
				2220B9CB1BEC890A00BAB33E /* Model */,
				2220B9CC1BEC890A00BAB33E /* View */,
			);
			path = New;
			sourceTree = "<group>";
		};
		2220B9CA1BEC890A00BAB33E /* Controller */ = {
			isa = PBXGroup;
			children = (
				22D2FFDA1BEC68B600CFA50D /* TZNewViewController.h */,
				22D2FFDB1BEC68B600CFA50D /* TZNewViewController.m */,
			);
			path = Controller;
			sourceTree = "<group>";
		};
		2220B9CB1BEC890A00BAB33E /* Model */ = {
			isa = PBXGroup;
			children = (
			);
			path = Model;
			sourceTree = "<group>";
		};
		2220B9CC1BEC890A00BAB33E /* View */ = {
			isa = PBXGroup;
			children = (
			);
			path = View;
			sourceTree = "<group>";
		};
		2220B9CD1BEC890A00BAB33E /* Other */ = {
			isa = PBXGroup;
			children = (
				2220B9D11BEC892600BAB33E /* Model */,
				2220B9CE1BEC890A00BAB33E /* Category */,
				2220B9CF1BEC890A00BAB33E /* Controller */,
				2220B9D01BEC890A00BAB33E /* View */,
			);
			path = Other;
			sourceTree = "<group>";
		};
		2220B9CE1BEC890A00BAB33E /* Category */ = {
			isa = PBXGroup;
			children = (
				2220B9DC1BEC90B300BAB33E /* UITabBarItem+TZExtension.h */,
				2220B9DD1BEC90B300BAB33E /* UITabBarItem+TZExtension.m */,
				2220B9D91BEC8C7E00BAB33E /* UIView+TZCoordinateExtension.h */,
				2220B9DA1BEC8C7E00BAB33E /* UIView+TZCoordinateExtension.m */,
				221A096F1BED9CBB007853D6 /* UINavigationItem+TZExtension.h */,
				221A09701BED9CBB007853D6 /* UINavigationItem+TZExtension.m */,
				221A09721BEDA0DF007853D6 /* UIBarButtonItem+TZExtension.h */,
				221A09731BEDA0DF007853D6 /* UIBarButtonItem+TZExtension.m */,
				22C80BF51BF0BDAD00FA2F66 /* UITextField+TZExtension.h */,
				22C80BF61BF0BDAD00FA2F66 /* UITextField+TZExtension.m */,
				229BA0C71BFAD0E800B10345 /* NSString+TZExtension.h */,
				229BA0C81BFAD0E800B10345 /* NSString+TZExtension.m */,
			);
			path = Category;
			sourceTree = "<group>";
		};
		2220B9CF1BEC890A00BAB33E /* Controller */ = {
			isa = PBXGroup;
			children = (
				22D2FFD61BEC68B600CFA50D /* TZMainTabBarController.h */,
				22D2FFD71BEC68B600CFA50D /* TZMainTabBarController.m */,
				2220B9DF1BECC39A00BAB33E /* TZNavigationController.h */,
				2220B9E01BECC39A00BAB33E /* TZNavigationController.m */,
				225A6F7F1BEF62E0006A9D73 /* Login */,
			);
			path = Controller;
			sourceTree = "<group>";
		};
		2220B9D01BEC890A00BAB33E /* View */ = {
			isa = PBXGroup;
			children = (
				2220B9E21BECC57000BAB33E /* TZTabBar.h */,
				2220B9E31BECC57000BAB33E /* TZTabBar.m */,
				22C80BF21BF0B97100FA2F66 /* TZLoginRegisterTextField.h */,
				22C80BF31BF0B97100FA2F66 /* TZLoginRegisterTextField.m */,
				22952DC01BF4527300F50158 /* TZQuickLoginButton.h */,
				22952DC11BF4527300F50158 /* TZQuickLoginButton.m */,
			);
			path = View;
			sourceTree = "<group>";
		};
		2220B9D11BEC892600BAB33E /* Model */ = {
			isa = PBXGroup;
			children = (
			);
			path = Model;
			sourceTree = "<group>";
		};
		2220B9D21BEC899C00BAB33E /* Follow */ = {
			isa = PBXGroup;
			children = (
				2220B9D31BEC899C00BAB33E /* Controller */,
				2220B9D41BEC899C00BAB33E /* Model */,
				2220B9D51BEC899C00BAB33E /* View */,
			);
			path = Follow;
			sourceTree = "<group>";
		};
		2220B9D31BEC899C00BAB33E /* Controller */ = {
			isa = PBXGroup;
			children = (
				22D2FFD41BEC68B600CFA50D /* TZFollowViewController.h */,
				22D2FFD51BEC68B600CFA50D /* TZFollowViewController.m */,
				221A09771BEDC4BC007853D6 /* TZRecommendFollowViewController.h */,
				221A09781BEDC4BC007853D6 /* TZRecommendFollowViewController.m */,
			);
			path = Controller;
			sourceTree = "<group>";
		};
		2220B9D41BEC899C00BAB33E /* Model */ = {
			isa = PBXGroup;
			children = (
			);
			path = Model;
			sourceTree = "<group>";
		};
		2220B9D51BEC899C00BAB33E /* View */ = {
			isa = PBXGroup;
			children = (
			);
			path = View;
			sourceTree = "<group>";
		};
		225A6F7F1BEF62E0006A9D73 /* Login */ = {
			isa = PBXGroup;
			children = (
				225A6F7A1BEF6177006A9D73 /* TZLoginRegisterViewController.h */,
				225A6F7B1BEF6177006A9D73 /* TZLoginRegisterViewController.m */,
				2283F6D51BEF8BEF00E326D2 /* TZLoginRegister2ViewController.h */,
				2283F6D61BEF8BEF00E326D2 /* TZLoginRegister2ViewController.m */,
				2283F6D71BEF8BEF00E326D2 /* TZLoginRegister2ViewController.xib */,
				225A6F7C1BEF6177006A9D73 /* TZLoginRegisterViewController.xib */,
			);
			name = Login;
			sourceTree = "<group>";
		};
		22D2FF8A1BEC680D00CFA50D = {
			isa = PBXGroup;
			children = (
				22D2FF951BEC680D00CFA50D /* TZBSBDJ */,
				22D2FFAF1BEC680D00CFA50D /* TZBSBDJTests */,
				22D2FFBA1BEC680D00CFA50D /* TZBSBDJUITests */,
				22D2FF941BEC680D00CFA50D /* Products */,
				95F0D63105469C76E0F52518 /* Pods */,
				A31E1CA8C6453CE2EDD037EA /* Frameworks */,
			);
			sourceTree = "<group>";
		};
		22D2FF941BEC680D00CFA50D /* Products */ = {
			isa = PBXGroup;
			children = (
				22D2FF931BEC680D00CFA50D /* TZBSBDJ.app */,
				22D2FFAC1BEC680D00CFA50D /* TZBSBDJTests.xctest */,
				22D2FFB71BEC680D00CFA50D /* TZBSBDJUITests.xctest */,
			);
			name = Products;
			sourceTree = "<group>";
		};
		22D2FF951BEC680D00CFA50D /* TZBSBDJ */ = {
			isa = PBXGroup;
			children = (
				2220B9BD1BEC890A00BAB33E /* Essence */,
				2220B9C91BEC890A00BAB33E /* New */,
				2220B9D21BEC899C00BAB33E /* Follow */,
				2220B9C51BEC890A00BAB33E /* Me */,
				2220B9CD1BEC890A00BAB33E /* Other */,
				22D2FF961BEC680D00CFA50D /* Supporting Files */,
			);
			path = TZBSBDJ;
			sourceTree = "<group>";
		};
		22D2FF961BEC680D00CFA50D /* Supporting Files */ = {
			isa = PBXGroup;
			children = (
				221A09751BEDAA4F007853D6 /* New Group */,
				22D2FFC91BEC685900CFA50D /* AppDelegate.h */,
				22D2FFCA1BEC685900CFA50D /* AppDelegate.m */,
				22D2FFA21BEC680D00CFA50D /* Assets.xcassets */,
				22D2FFA41BEC680D00CFA50D /* LaunchScreen.storyboard */,
				22D2FFA71BEC680D00CFA50D /* Info.plist */,
				22D2FFE51BEC693B00CFA50D /* PrefixHeader.pch */,
				2216DA361BF8A13A004450B0 /* TZConst.h */,
				2216DA371BF8A13A004450B0 /* TZConst.m */,
				22D2FF971BEC680D00CFA50D /* main.m */,
			);
			name = "Supporting Files";
			sourceTree = "<group>";
		};
		22D2FFAF1BEC680D00CFA50D /* TZBSBDJTests */ = {
			isa = PBXGroup;
			children = (
				22D2FFB01BEC680D00CFA50D /* TZBSBDJTests.m */,
				22D2FFB21BEC680D00CFA50D /* Info.plist */,
			);
			path = TZBSBDJTests;
			sourceTree = "<group>";
		};
		22D2FFBA1BEC680D00CFA50D /* TZBSBDJUITests */ = {
			isa = PBXGroup;
			children = (
				22D2FFBB1BEC680D00CFA50D /* TZBSBDJUITests.m */,
				22D2FFBD1BEC680D00CFA50D /* Info.plist */,
			);
			path = TZBSBDJUITests;
			sourceTree = "<group>";
		};
		95F0D63105469C76E0F52518 /* Pods */ = {
			isa = PBXGroup;
			children = (
				FF3181E9B6AB11B218F4E932 /* Pods.debug.xcconfig */,
				E113289F80E29FA07857F4A8 /* Pods.release.xcconfig */,
			);
			name = Pods;
			sourceTree = "<group>";
		};
		A31E1CA8C6453CE2EDD037EA /* Frameworks */ = {
			isa = PBXGroup;
			children = (
				A89106F8673132821E2CE291 /* Pods.framework */,
			);
			name = Frameworks;
			sourceTree = "<group>";
		};
/* End PBXGroup section */

/* Begin PBXNativeTarget section */
		22D2FF921BEC680D00CFA50D /* TZBSBDJ */ = {
			isa = PBXNativeTarget;
			buildConfigurationList = 22D2FFC01BEC680D00CFA50D /* Build configuration list for PBXNativeTarget "TZBSBDJ" */;
			buildPhases = (
				302E16EEA8B6050050F92E2F /* Check Pods Manifest.lock */,
				22D2FF8F1BEC680D00CFA50D /* Sources */,
				22D2FF901BEC680D00CFA50D /* Frameworks */,
				22D2FF911BEC680D00CFA50D /* Resources */,
				A3F842183A71342132DA53DD /* Embed Pods Frameworks */,
				9877D998D1239ED8896E206B /* Copy Pods Resources */,
			);
			buildRules = (
			);
			dependencies = (
			);
			name = TZBSBDJ;
			productName = TZBSBDJ;
			productReference = 22D2FF931BEC680D00CFA50D /* TZBSBDJ.app */;
			productType = "com.apple.product-type.application";
		};
		22D2FFAB1BEC680D00CFA50D /* TZBSBDJTests */ = {
			isa = PBXNativeTarget;
			buildConfigurationList = 22D2FFC31BEC680D00CFA50D /* Build configuration list for PBXNativeTarget "TZBSBDJTests" */;
			buildPhases = (
				22D2FFA81BEC680D00CFA50D /* Sources */,
				22D2FFA91BEC680D00CFA50D /* Frameworks */,
				22D2FFAA1BEC680D00CFA50D /* Resources */,
			);
			buildRules = (
			);
			dependencies = (
				22D2FFAE1BEC680D00CFA50D /* PBXTargetDependency */,
			);
			name = TZBSBDJTests;
			productName = TZBSBDJTests;
			productReference = 22D2FFAC1BEC680D00CFA50D /* TZBSBDJTests.xctest */;
			productType = "com.apple.product-type.bundle.unit-test";
		};
		22D2FFB61BEC680D00CFA50D /* TZBSBDJUITests */ = {
			isa = PBXNativeTarget;
			buildConfigurationList = 22D2FFC61BEC680D00CFA50D /* Build configuration list for PBXNativeTarget "TZBSBDJUITests" */;
			buildPhases = (
				22D2FFB31BEC680D00CFA50D /* Sources */,
				22D2FFB41BEC680D00CFA50D /* Frameworks */,
				22D2FFB51BEC680D00CFA50D /* Resources */,
			);
			buildRules = (
			);
			dependencies = (
				22D2FFB91BEC680D00CFA50D /* PBXTargetDependency */,
			);
			name = TZBSBDJUITests;
			productName = TZBSBDJUITests;
			productReference = 22D2FFB71BEC680D00CFA50D /* TZBSBDJUITests.xctest */;
			productType = "com.apple.product-type.bundle.ui-testing";
		};
/* End PBXNativeTarget section */

/* Begin PBXProject section */
		22D2FF8B1BEC680D00CFA50D /* Project object */ = {
			isa = PBXProject;
			attributes = {
				CLASSPREFIX = TZ;
				LastUpgradeCheck = 0700;
				ORGANIZATIONNAME = Tim.Z;
				TargetAttributes = {
					22D2FF921BEC680D00CFA50D = {
						CreatedOnToolsVersion = 7.0.1;
					};
					22D2FFAB1BEC680D00CFA50D = {
						CreatedOnToolsVersion = 7.0.1;
						TestTargetID = 22D2FF921BEC680D00CFA50D;
					};
					22D2FFB61BEC680D00CFA50D = {
						CreatedOnToolsVersion = 7.0.1;
						TestTargetID = 22D2FF921BEC680D00CFA50D;
					};
				};
			};
			buildConfigurationList = 22D2FF8E1BEC680D00CFA50D /* Build configuration list for PBXProject "TZBSBDJ" */;
			compatibilityVersion = "Xcode 3.2";
			developmentRegion = English;
			hasScannedForEncodings = 0;
			knownRegions = (
				en,
				Base,
			);
			mainGroup = 22D2FF8A1BEC680D00CFA50D;
			productRefGroup = 22D2FF941BEC680D00CFA50D /* Products */;
			projectDirPath = "";
			projectRoot = "";
			targets = (
				22D2FF921BEC680D00CFA50D /* TZBSBDJ */,
				22D2FFAB1BEC680D00CFA50D /* TZBSBDJTests */,
				22D2FFB61BEC680D00CFA50D /* TZBSBDJUITests */,
			);
		};
/* End PBXProject section */

/* Begin PBXResourcesBuildPhase section */
		22D2FF911BEC680D00CFA50D /* Resources */ = {
			isa = PBXResourcesBuildPhase;
			buildActionMask = 2147483647;
			files = (
				2283F6D91BEF8BEF00E326D2 /* TZLoginRegister2ViewController.xib in Resources */,
				229BA0D01BFAECE000B10345 /* TZOtherCell.xib in Resources */,
				22D2FFA61BEC680D00CFA50D /* LaunchScreen.storyboard in Resources */,
				22D2FFA31BEC680D00CFA50D /* Assets.xcassets in Resources */,
				225A6F7E1BEF6177006A9D73 /* TZLoginRegisterViewController.xib in Resources */,
			);
			runOnlyForDeploymentPostprocessing = 0;
		};
		22D2FFAA1BEC680D00CFA50D /* Resources */ = {
			isa = PBXResourcesBuildPhase;
			buildActionMask = 2147483647;
			files = (
			);
			runOnlyForDeploymentPostprocessing = 0;
		};
		22D2FFB51BEC680D00CFA50D /* Resources */ = {
			isa = PBXResourcesBuildPhase;
			buildActionMask = 2147483647;
			files = (
			);
			runOnlyForDeploymentPostprocessing = 0;
		};
/* End PBXResourcesBuildPhase section */

/* Begin PBXShellScriptBuildPhase section */
		302E16EEA8B6050050F92E2F /* Check Pods Manifest.lock */ = {
			isa = PBXShellScriptBuildPhase;
			buildActionMask = 2147483647;
			files = (
			);
			inputPaths = (
			);
			name = "Check Pods Manifest.lock";
			outputPaths = (
			);
			runOnlyForDeploymentPostprocessing = 0;
			shellPath = /bin/sh;
			shellScript = "diff \"${PODS_ROOT}/../Podfile.lock\" \"${PODS_ROOT}/Manifest.lock\" > /dev/null\nif [[ $? != 0 ]] ; then\n    cat << EOM\nerror: The sandbox is not in sync with the Podfile.lock. Run 'pod install' or update your CocoaPods installation.\nEOM\n    exit 1\nfi\n";
			showEnvVarsInLog = 0;
		};
		9877D998D1239ED8896E206B /* Copy Pods Resources */ = {
			isa = PBXShellScriptBuildPhase;
			buildActionMask = 2147483647;
			files = (
			);
			inputPaths = (
			);
			name = "Copy Pods Resources";
			outputPaths = (
			);
			runOnlyForDeploymentPostprocessing = 0;
			shellPath = /bin/sh;
			shellScript = "\"${SRCROOT}/Pods/Target Support Files/Pods/Pods-resources.sh\"\n";
			showEnvVarsInLog = 0;
		};
		A3F842183A71342132DA53DD /* Embed Pods Frameworks */ = {
			isa = PBXShellScriptBuildPhase;
			buildActionMask = 2147483647;
			files = (
			);
			inputPaths = (
			);
			name = "Embed Pods Frameworks";
			outputPaths = (
			);
			runOnlyForDeploymentPostprocessing = 0;
			shellPath = /bin/sh;
			shellScript = "\"${SRCROOT}/Pods/Target Support Files/Pods/Pods-frameworks.sh\"\n";
			showEnvVarsInLog = 0;
		};
/* End PBXShellScriptBuildPhase section */

/* Begin PBXSourcesBuildPhase section */
		22D2FF8F1BEC680D00CFA50D /* Sources */ = {
			isa = PBXSourcesBuildPhase;
			buildActionMask = 2147483647;
			files = (
				229BA0CC1BFAEC1C00B10345 /* TZOtherCell.m in Sources */,
				2283F6D81BEF8BEF00E326D2 /* TZLoginRegister2ViewController.m in Sources */,
				22C62A2F1BFC27B600F306D7 /* TZAllViewController.m in Sources */,
				2216DA381BF8A13A004450B0 /* TZConst.m in Sources */,
				2216DA411BF8A82F004450B0 /* TZMeSquareButton.m in Sources */,
				229BA0C91BFAD0E800B10345 /* NSString+TZExtension.m in Sources */,
				22C62A321BFC27CD00F306D7 /* TZVideoViewController.m in Sources */,
				221A09711BED9CBB007853D6 /* UINavigationItem+TZExtension.m in Sources */,
				2220B9DE1BEC90B300BAB33E /* UITabBarItem+TZExtension.m in Sources */,
				2220B9E41BECC57000BAB33E /* TZTabBar.m in Sources */,
				22D2FFE11BEC68B600CFA50D /* TZMainTabBarController.m in Sources */,
				221A09791BEDC4BC007853D6 /* TZRecommendFollowViewController.m in Sources */,
				22C80BF41BF0B97100FA2F66 /* TZLoginRegisterTextField.m in Sources */,
				22952DC21BF4527300F50158 /* TZQuickLoginButton.m in Sources */,
				22C62A351BFC27E400F306D7 /* TZVoiceViewController.m in Sources */,
				225A6F7D1BEF6177006A9D73 /* TZLoginRegisterViewController.m in Sources */,
				221A097C1BEDC990007853D6 /* TZSettingViewController.m in Sources */,
				2220B9DB1BEC8C7E00BAB33E /* UIView+TZCoordinateExtension.m in Sources */,
				22D2FFDF1BEC68B600CFA50D /* TZEssenceViewController.m in Sources */,
				22D2FFCD1BEC685900CFA50D /* AppDelegate.m in Sources */,
				22D2FFE01BEC68B600CFA50D /* TZFollowViewController.m in Sources */,
				22D2FFE21BEC68B600CFA50D /* TZMeViewController.m in Sources */,
				2220B9E11BECC39A00BAB33E /* TZNavigationController.m in Sources */,
				22D2FF981BEC680D00CFA50D /* main.m in Sources */,
				2216DA3E1BF8A781004450B0 /* TZMeSquare.m in Sources */,
				229BA0C61BFACC5700B10345 /* TZClearCacheCell.m in Sources */,
				22C80BF71BF0BDAD00FA2F66 /* UITextField+TZExtension.m in Sources */,
				2273B6491BF8CD300044F3B8 /* TZMeTableViewCell.m in Sources */,
				22D2FFE31BEC68B600CFA50D /* TZNewViewController.m in Sources */,
				22C62A3B1BFC280F00F306D7 /* TZWordViewController.m in Sources */,
				22C62A381BFC27F900F306D7 /* TZPictureViewController.m in Sources */,
				2216DA3B1BF8A583004450B0 /* TZMeFootView.m in Sources */,
				22C62A3E1BFC28A500F306D7 /* TZTitleButton.m in Sources */,
				221A09741BEDA0DF007853D6 /* UIBarButtonItem+TZExtension.m in Sources */,
			);
			runOnlyForDeploymentPostprocessing = 0;
		};
		22D2FFA81BEC680D00CFA50D /* Sources */ = {
			isa = PBXSourcesBuildPhase;
			buildActionMask = 2147483647;
			files = (
				22D2FFB11BEC680D00CFA50D /* TZBSBDJTests.m in Sources */,
			);
			runOnlyForDeploymentPostprocessing = 0;
		};
		22D2FFB31BEC680D00CFA50D /* Sources */ = {
			isa = PBXSourcesBuildPhase;
			buildActionMask = 2147483647;
			files = (
				22D2FFBC1BEC680D00CFA50D /* TZBSBDJUITests.m in Sources */,
			);
			runOnlyForDeploymentPostprocessing = 0;
		};
/* End PBXSourcesBuildPhase section */

/* Begin PBXTargetDependency section */
		22D2FFAE1BEC680D00CFA50D /* PBXTargetDependency */ = {
			isa = PBXTargetDependency;
			target = 22D2FF921BEC680D00CFA50D /* TZBSBDJ */;
			targetProxy = 22D2FFAD1BEC680D00CFA50D /* PBXContainerItemProxy */;
		};
		22D2FFB91BEC680D00CFA50D /* PBXTargetDependency */ = {
			isa = PBXTargetDependency;
			target = 22D2FF921BEC680D00CFA50D /* TZBSBDJ */;
			targetProxy = 22D2FFB81BEC680D00CFA50D /* PBXContainerItemProxy */;
		};
/* End PBXTargetDependency section */

/* Begin PBXVariantGroup section */
		22D2FFA41BEC680D00CFA50D /* LaunchScreen.storyboard */ = {
			isa = PBXVariantGroup;
			children = (
				22D2FFA51BEC680D00CFA50D /* Base */,
			);
			name = LaunchScreen.storyboard;
			sourceTree = "<group>";
		};
/* End PBXVariantGroup section */

/* Begin XCBuildConfiguration section */
		22D2FFBE1BEC680D00CFA50D /* Debug */ = {
			isa = XCBuildConfiguration;
			buildSettings = {
				ALWAYS_SEARCH_USER_PATHS = NO;
				CLANG_CXX_LANGUAGE_STANDARD = "gnu++0x";
				CLANG_CXX_LIBRARY = "libc++";
				CLANG_ENABLE_MODULES = YES;
				CLANG_ENABLE_OBJC_ARC = YES;
				CLANG_WARN_BOOL_CONVERSION = YES;
				CLANG_WARN_CONSTANT_CONVERSION = YES;
				CLANG_WARN_DIRECT_OBJC_ISA_USAGE = YES_ERROR;
				CLANG_WARN_EMPTY_BODY = YES;
				CLANG_WARN_ENUM_CONVERSION = YES;
				CLANG_WARN_INT_CONVERSION = YES;
				CLANG_WARN_OBJC_ROOT_CLASS = YES_ERROR;
				CLANG_WARN_UNREACHABLE_CODE = YES;
				CLANG_WARN__DUPLICATE_METHOD_MATCH = YES;
				"CODE_SIGN_IDENTITY[sdk=iphoneos*]" = "iPhone Developer";
				COPY_PHASE_STRIP = NO;
				DEBUG_INFORMATION_FORMAT = dwarf;
				ENABLE_STRICT_OBJC_MSGSEND = YES;
				ENABLE_TESTABILITY = YES;
				GCC_C_LANGUAGE_STANDARD = gnu99;
				GCC_DYNAMIC_NO_PIC = NO;
				GCC_NO_COMMON_BLOCKS = YES;
				GCC_OPTIMIZATION_LEVEL = 0;
				GCC_PREPROCESSOR_DEFINITIONS = (
					"DEBUG=1",
					"$(inherited)",
				);
				GCC_WARN_64_TO_32_BIT_CONVERSION = YES;
				GCC_WARN_ABOUT_RETURN_TYPE = YES_ERROR;
				GCC_WARN_UNDECLARED_SELECTOR = YES;
				GCC_WARN_UNINITIALIZED_AUTOS = YES_AGGRESSIVE;
				GCC_WARN_UNUSED_FUNCTION = YES;
				GCC_WARN_UNUSED_VARIABLE = YES;
				IPHONEOS_DEPLOYMENT_TARGET = 9.0;
				MTL_ENABLE_DEBUG_INFO = YES;
				ONLY_ACTIVE_ARCH = YES;
				SDKROOT = iphoneos;
				TARGETED_DEVICE_FAMILY = "1,2";
			};
			name = Debug;
		};
		22D2FFBF1BEC680D00CFA50D /* Release */ = {
			isa = XCBuildConfiguration;
			buildSettings = {
				ALWAYS_SEARCH_USER_PATHS = NO;
				CLANG_CXX_LANGUAGE_STANDARD = "gnu++0x";
				CLANG_CXX_LIBRARY = "libc++";
				CLANG_ENABLE_MODULES = YES;
				CLANG_ENABLE_OBJC_ARC = YES;
				CLANG_WARN_BOOL_CONVERSION = YES;
				CLANG_WARN_CONSTANT_CONVERSION = YES;
				CLANG_WARN_DIRECT_OBJC_ISA_USAGE = YES_ERROR;
				CLANG_WARN_EMPTY_BODY = YES;
				CLANG_WARN_ENUM_CONVERSION = YES;
				CLANG_WARN_INT_CONVERSION = YES;
				CLANG_WARN_OBJC_ROOT_CLASS = YES_ERROR;
				CLANG_WARN_UNREACHABLE_CODE = YES;
				CLANG_WARN__DUPLICATE_METHOD_MATCH = YES;
				"CODE_SIGN_IDENTITY[sdk=iphoneos*]" = "iPhone Developer";
				COPY_PHASE_STRIP = NO;
				DEBUG_INFORMATION_FORMAT = "dwarf-with-dsym";
				ENABLE_NS_ASSERTIONS = NO;
				ENABLE_STRICT_OBJC_MSGSEND = YES;
				GCC_C_LANGUAGE_STANDARD = gnu99;
				GCC_NO_COMMON_BLOCKS = YES;
				GCC_WARN_64_TO_32_BIT_CONVERSION = YES;
				GCC_WARN_ABOUT_RETURN_TYPE = YES_ERROR;
				GCC_WARN_UNDECLARED_SELECTOR = YES;
				GCC_WARN_UNINITIALIZED_AUTOS = YES_AGGRESSIVE;
				GCC_WARN_UNUSED_FUNCTION = YES;
				GCC_WARN_UNUSED_VARIABLE = YES;
				IPHONEOS_DEPLOYMENT_TARGET = 9.0;
				MTL_ENABLE_DEBUG_INFO = NO;
				SDKROOT = iphoneos;
				TARGETED_DEVICE_FAMILY = "1,2";
				VALIDATE_PRODUCT = YES;
			};
			name = Release;
		};
		22D2FFC11BEC680D00CFA50D /* Debug */ = {
			isa = XCBuildConfiguration;
			baseConfigurationReference = FF3181E9B6AB11B218F4E932 /* Pods.debug.xcconfig */;
			buildSettings = {
				ASSETCATALOG_COMPILER_APPICON_NAME = AppIcon;
				ASSETCATALOG_COMPILER_LAUNCHIMAGE_NAME = BrandAsset;
				FRAMEWORK_SEARCH_PATHS = "";
				GCC_PREFIX_HEADER = "$(SRCROOT)/TZBSBDJ/PrefixHeader.pch";
				HEADER_SEARCH_PATHS = "\"$(SRCROOT)/Pods\"";
				INFOPLIST_FILE = TZBSBDJ/Info.plist;
				LD_RUNPATH_SEARCH_PATHS = "$(inherited) @executable_path/Frameworks";
				PRODUCT_BUNDLE_IDENTIFIER = com.TimZInGitHub.TZBSBDJ;
				PRODUCT_NAME = "$(TARGET_NAME)";
				TARGETED_DEVICE_FAMILY = 1;
			};
			name = Debug;
		};
		22D2FFC21BEC680D00CFA50D /* Release */ = {
			isa = XCBuildConfiguration;
			baseConfigurationReference = E113289F80E29FA07857F4A8 /* Pods.release.xcconfig */;
			buildSettings = {
				ASSETCATALOG_COMPILER_APPICON_NAME = AppIcon;
				ASSETCATALOG_COMPILER_LAUNCHIMAGE_NAME = BrandAsset;
				FRAMEWORK_SEARCH_PATHS = "";
				GCC_PREFIX_HEADER = "$(SRCROOT)/TZBSBDJ/PrefixHeader.pch";
				HEADER_SEARCH_PATHS = "\"$(SRCROOT)/Pods\"";
				INFOPLIST_FILE = TZBSBDJ/Info.plist;
				LD_RUNPATH_SEARCH_PATHS = "$(inherited) @executable_path/Frameworks";
				PRODUCT_BUNDLE_IDENTIFIER = com.TimZInGitHub.TZBSBDJ;
				PRODUCT_NAME = "$(TARGET_NAME)";
				TARGETED_DEVICE_FAMILY = 1;
			};
			name = Release;
		};
		22D2FFC41BEC680D00CFA50D /* Debug */ = {
			isa = XCBuildConfiguration;
			buildSettings = {
				BUNDLE_LOADER = "$(TEST_HOST)";
				INFOPLIST_FILE = TZBSBDJTests/Info.plist;
				LD_RUNPATH_SEARCH_PATHS = "$(inherited) @executable_path/Frameworks @loader_path/Frameworks";
				PRODUCT_BUNDLE_IDENTIFIER = com.TimZInGitHub.TZBSBDJTests;
				PRODUCT_NAME = "$(TARGET_NAME)";
				TEST_HOST = "$(BUILT_PRODUCTS_DIR)/TZBSBDJ.app/TZBSBDJ";
			};
			name = Debug;
		};
		22D2FFC51BEC680D00CFA50D /* Release */ = {
			isa = XCBuildConfiguration;
			buildSettings = {
				BUNDLE_LOADER = "$(TEST_HOST)";
				INFOPLIST_FILE = TZBSBDJTests/Info.plist;
				LD_RUNPATH_SEARCH_PATHS = "$(inherited) @executable_path/Frameworks @loader_path/Frameworks";
				PRODUCT_BUNDLE_IDENTIFIER = com.TimZInGitHub.TZBSBDJTests;
				PRODUCT_NAME = "$(TARGET_NAME)";
				TEST_HOST = "$(BUILT_PRODUCTS_DIR)/TZBSBDJ.app/TZBSBDJ";
			};
			name = Release;
		};
		22D2FFC71BEC680D00CFA50D /* Debug */ = {
			isa = XCBuildConfiguration;
			buildSettings = {
				INFOPLIST_FILE = TZBSBDJUITests/Info.plist;
				LD_RUNPATH_SEARCH_PATHS = "$(inherited) @executable_path/Frameworks @loader_path/Frameworks";
				PRODUCT_BUNDLE_IDENTIFIER = com.TimZInGitHub.TZBSBDJUITests;
				PRODUCT_NAME = "$(TARGET_NAME)";
				TEST_TARGET_NAME = TZBSBDJ;
				USES_XCTRUNNER = YES;
			};
			name = Debug;
		};
		22D2FFC81BEC680D00CFA50D /* Release */ = {
			isa = XCBuildConfiguration;
			buildSettings = {
				INFOPLIST_FILE = TZBSBDJUITests/Info.plist;
				LD_RUNPATH_SEARCH_PATHS = "$(inherited) @executable_path/Frameworks @loader_path/Frameworks";
				PRODUCT_BUNDLE_IDENTIFIER = com.TimZInGitHub.TZBSBDJUITests;
				PRODUCT_NAME = "$(TARGET_NAME)";
				TEST_TARGET_NAME = TZBSBDJ;
				USES_XCTRUNNER = YES;
			};
			name = Release;
		};
/* End XCBuildConfiguration section */

/* Begin XCConfigurationList section */
		22D2FF8E1BEC680D00CFA50D /* Build configuration list for PBXProject "TZBSBDJ" */ = {
			isa = XCConfigurationList;
			buildConfigurations = (
				22D2FFBE1BEC680D00CFA50D /* Debug */,
				22D2FFBF1BEC680D00CFA50D /* Release */,
			);
			defaultConfigurationIsVisible = 0;
			defaultConfigurationName = Release;
		};
		22D2FFC01BEC680D00CFA50D /* Build configuration list for PBXNativeTarget "TZBSBDJ" */ = {
			isa = XCConfigurationList;
			buildConfigurations = (
				22D2FFC11BEC680D00CFA50D /* Debug */,
				22D2FFC21BEC680D00CFA50D /* Release */,
			);
			defaultConfigurationIsVisible = 0;
			defaultConfigurationName = Release;
		};
		22D2FFC31BEC680D00CFA50D /* Build configuration list for PBXNativeTarget "TZBSBDJTests" */ = {
			isa = XCConfigurationList;
			buildConfigurations = (
				22D2FFC41BEC680D00CFA50D /* Debug */,
				22D2FFC51BEC680D00CFA50D /* Release */,
			);
			defaultConfigurationIsVisible = 0;
			defaultConfigurationName = Release;
		};
		22D2FFC61BEC680D00CFA50D /* Build configuration list for PBXNativeTarget "TZBSBDJUITests" */ = {
			isa = XCConfigurationList;
			buildConfigurations = (
				22D2FFC71BEC680D00CFA50D /* Debug */,
				22D2FFC81BEC680D00CFA50D /* Release */,
			);
			defaultConfigurationIsVisible = 0;
			defaultConfigurationName = Release;
		};
/* End XCConfigurationList section */
	};
	rootObject = 22D2FF8B1BEC680D00CFA50D /* Project object */;
}
